// !$*UTF8*$!
{
	archiveVersion = 1;
	classes = {
	};
	objectVersion = 55;
	objects = {

/* Begin PBXBuildFile section */
		EB0E9DA228CE5B0E0037993E /* LoggerService.swift in Sources */ = {isa = PBXBuildFile; fileRef = EB0E9DA128CE5B0E0037993E /* LoggerService.swift */; };
		EB9BB76F28C87C5200B573CF /* ItemViewModel.swift in Sources */ = {isa = PBXBuildFile; fileRef = EB9BB76E28C87C5200B573CF /* ItemViewModel.swift */; };
		EB9BB77028C87C5200B573CF /* ItemViewModel.swift in Sources */ = {isa = PBXBuildFile; fileRef = EB9BB76E28C87C5200B573CF /* ItemViewModel.swift */; };
		EB9BB77228C87CFD00B573CF /* Item.swift in Sources */ = {isa = PBXBuildFile; fileRef = EB9BB77128C87CFD00B573CF /* Item.swift */; };
		EB9BB77328C87CFD00B573CF /* Item.swift in Sources */ = {isa = PBXBuildFile; fileRef = EB9BB77128C87CFD00B573CF /* Item.swift */; };
		EB9BB77728CAF24200B573CF /* NewItemPage.swift in Sources */ = {isa = PBXBuildFile; fileRef = EB9BB77628CAF24200B573CF /* NewItemPage.swift */; };
		EB9BB77828CAF24200B573CF /* NewItemPage.swift in Sources */ = {isa = PBXBuildFile; fileRef = EB9BB77628CAF24200B573CF /* NewItemPage.swift */; };
		EB9BB77A28CAF3E500B573CF /* NewItemPageViewModel.swift in Sources */ = {isa = PBXBuildFile; fileRef = EB9BB77928CAF3E500B573CF /* NewItemPageViewModel.swift */; };
		EB9BB77B28CAF3E500B573CF /* NewItemPageViewModel.swift in Sources */ = {isa = PBXBuildFile; fileRef = EB9BB77928CAF3E500B573CF /* NewItemPageViewModel.swift */; };
		EB9BB77D28CAFC6600B573CF /* ModalType.swift in Sources */ = {isa = PBXBuildFile; fileRef = EB9BB77C28CAFC6600B573CF /* ModalType.swift */; };
		EB9BB77E28CAFC6600B573CF /* ModalType.swift in Sources */ = {isa = PBXBuildFile; fileRef = EB9BB77C28CAFC6600B573CF /* ModalType.swift */; };
		EB9BB78928CDBAB700B573CF /* Localizable.strings in Resources */ = {isa = PBXBuildFile; fileRef = EB9BB78C28CDBAB700B573CF /* Localizable.strings */; };
		EB9BB78A28CDBAB700B573CF /* Localizable.strings in Resources */ = {isa = PBXBuildFile; fileRef = EB9BB78C28CDBAB700B573CF /* Localizable.strings */; };
		EBED048328C0E20E00294E11 /* SwiftERNIStarterKitApp.swift in Sources */ = {isa = PBXBuildFile; fileRef = EBED045B28C0E20C00294E11 /* SwiftERNIStarterKitApp.swift */; };
		EBED048428C0E20E00294E11 /* SwiftERNIStarterKitApp.swift in Sources */ = {isa = PBXBuildFile; fileRef = EBED045B28C0E20C00294E11 /* SwiftERNIStarterKitApp.swift */; };
		EBED048728C0E20E00294E11 /* Assets.xcassets in Resources */ = {isa = PBXBuildFile; fileRef = EBED045D28C0E20E00294E11 /* Assets.xcassets */; };
		EBED048828C0E20E00294E11 /* Assets.xcassets in Resources */ = {isa = PBXBuildFile; fileRef = EBED045D28C0E20E00294E11 /* Assets.xcassets */; };
		EBED049828C0E34100294E11 /* AboutPage.swift in Sources */ = {isa = PBXBuildFile; fileRef = EBED049728C0E34100294E11 /* AboutPage.swift */; };
		EBED049928C0E34100294E11 /* AboutPage.swift in Sources */ = {isa = PBXBuildFile; fileRef = EBED049728C0E34100294E11 /* AboutPage.swift */; };
		EBED049B28C0E40F00294E11 /* ItemsPage.swift in Sources */ = {isa = PBXBuildFile; fileRef = EBED049A28C0E40F00294E11 /* ItemsPage.swift */; };
		EBED049C28C0E40F00294E11 /* ItemsPage.swift in Sources */ = {isa = PBXBuildFile; fileRef = EBED049A28C0E40F00294E11 /* ItemsPage.swift */; };
		EBED049E28C1854D00294E11 /* ChangeLanguagePage.swift in Sources */ = {isa = PBXBuildFile; fileRef = EBED049D28C1854D00294E11 /* ChangeLanguagePage.swift */; };
		EBED049F28C1854D00294E11 /* ChangeLanguagePage.swift in Sources */ = {isa = PBXBuildFile; fileRef = EBED049D28C1854D00294E11 /* ChangeLanguagePage.swift */; };
/* End PBXBuildFile section */

/* Begin PBXContainerItemProxy section */
		EBED047028C0E20E00294E11 /* PBXContainerItemProxy */ = {
			isa = PBXContainerItemProxy;
			containerPortal = EBED045628C0E20B00294E11 /* Project object */;
			proxyType = 1;
			remoteGlobalIDString = EBED046128C0E20E00294E11;
			remoteInfo = "SwiftERNIStarterKit (iOS)";
		};
		EBED047C28C0E20E00294E11 /* PBXContainerItemProxy */ = {
			isa = PBXContainerItemProxy;
			containerPortal = EBED045628C0E20B00294E11 /* Project object */;
			proxyType = 1;
			remoteGlobalIDString = EBED046728C0E20E00294E11;
			remoteInfo = "SwiftERNIStarterKit (macOS)";
		};
/* End PBXContainerItemProxy section */

/* Begin PBXFileReference section */
		EB0E9D9828CE24530037993E /* sk */ = {isa = PBXFileReference; lastKnownFileType = text.plist.strings; name = sk; path = sk.lproj/Localizable.strings; sourceTree = "<group>"; };
		EB0E9D9928CE245B0037993E /* es */ = {isa = PBXFileReference; lastKnownFileType = text.plist.strings; name = es; path = es.lproj/Localizable.strings; sourceTree = "<group>"; };
		EB0E9DA128CE5B0E0037993E /* LoggerService.swift */ = {isa = PBXFileReference; lastKnownFileType = sourcecode.swift; path = LoggerService.swift; sourceTree = "<group>"; };
		EB9BB76E28C87C5200B573CF /* ItemViewModel.swift */ = {isa = PBXFileReference; lastKnownFileType = sourcecode.swift; path = ItemViewModel.swift; sourceTree = "<group>"; };
		EB9BB77128C87CFD00B573CF /* Item.swift */ = {isa = PBXFileReference; lastKnownFileType = sourcecode.swift; path = Item.swift; sourceTree = "<group>"; };
		EB9BB77628CAF24200B573CF /* NewItemPage.swift */ = {isa = PBXFileReference; lastKnownFileType = sourcecode.swift; path = NewItemPage.swift; sourceTree = "<group>"; };
		EB9BB77928CAF3E500B573CF /* NewItemPageViewModel.swift */ = {isa = PBXFileReference; lastKnownFileType = sourcecode.swift; path = NewItemPageViewModel.swift; sourceTree = "<group>"; };
		EB9BB77C28CAFC6600B573CF /* ModalType.swift */ = {isa = PBXFileReference; lastKnownFileType = sourcecode.swift; path = ModalType.swift; sourceTree = "<group>"; };
		EB9BB78B28CDBAB700B573CF /* en */ = {isa = PBXFileReference; lastKnownFileType = text.plist.strings; name = en; path = en.lproj/Localizable.strings; sourceTree = "<group>"; };
		EB9BB78D28CDBB2200B573CF /* fil */ = {isa = PBXFileReference; lastKnownFileType = text.plist.strings; name = fil; path = fil.lproj/Localizable.strings; sourceTree = "<group>"; };
		EB9BB78E28CDBB4900B573CF /* de */ = {isa = PBXFileReference; lastKnownFileType = text.plist.strings; name = de; path = de.lproj/Localizable.strings; sourceTree = "<group>"; };
		EB9BB78F28CDBB5000B573CF /* ro */ = {isa = PBXFileReference; lastKnownFileType = text.plist.strings; name = ro; path = ro.lproj/Localizable.strings; sourceTree = "<group>"; };
		EBED045B28C0E20C00294E11 /* SwiftERNIStarterKitApp.swift */ = {isa = PBXFileReference; lastKnownFileType = sourcecode.swift; path = SwiftERNIStarterKitApp.swift; sourceTree = "<group>"; };
		EBED045D28C0E20E00294E11 /* Assets.xcassets */ = {isa = PBXFileReference; lastKnownFileType = folder.assetcatalog; path = Assets.xcassets; sourceTree = "<group>"; };
		EBED046228C0E20E00294E11 /* SwiftERNIStarterKit.app */ = {isa = PBXFileReference; explicitFileType = wrapper.application; includeInIndex = 0; path = SwiftERNIStarterKit.app; sourceTree = BUILT_PRODUCTS_DIR; };
		EBED046828C0E20E00294E11 /* SwiftERNIStarterKit.app */ = {isa = PBXFileReference; explicitFileType = wrapper.application; includeInIndex = 0; path = SwiftERNIStarterKit.app; sourceTree = BUILT_PRODUCTS_DIR; };
		EBED046A28C0E20E00294E11 /* macOS.entitlements */ = {isa = PBXFileReference; lastKnownFileType = text.plist.entitlements; path = macOS.entitlements; sourceTree = "<group>"; };
		EBED046F28C0E20E00294E11 /* Tests iOS.xctest */ = {isa = PBXFileReference; explicitFileType = wrapper.cfbundle; includeInIndex = 0; path = "Tests iOS.xctest"; sourceTree = BUILT_PRODUCTS_DIR; };
		EBED047B28C0E20E00294E11 /* Tests macOS.xctest */ = {isa = PBXFileReference; explicitFileType = wrapper.cfbundle; includeInIndex = 0; path = "Tests macOS.xctest"; sourceTree = BUILT_PRODUCTS_DIR; };
		EBED049728C0E34100294E11 /* AboutPage.swift */ = {isa = PBXFileReference; lastKnownFileType = sourcecode.swift; path = AboutPage.swift; sourceTree = "<group>"; };
		EBED049A28C0E40F00294E11 /* ItemsPage.swift */ = {isa = PBXFileReference; lastKnownFileType = sourcecode.swift; path = ItemsPage.swift; sourceTree = "<group>"; };
		EBED049D28C1854D00294E11 /* ChangeLanguagePage.swift */ = {isa = PBXFileReference; lastKnownFileType = sourcecode.swift; path = ChangeLanguagePage.swift; sourceTree = "<group>"; };
/* End PBXFileReference section */

/* Begin PBXFrameworksBuildPhase section */
		EBED045F28C0E20E00294E11 /* Frameworks */ = {
			isa = PBXFrameworksBuildPhase;
			buildActionMask = 2147483647;
			files = (
			);
			runOnlyForDeploymentPostprocessing = 0;
		};
		EBED046528C0E20E00294E11 /* Frameworks */ = {
			isa = PBXFrameworksBuildPhase;
			buildActionMask = 2147483647;
			files = (
			);
			runOnlyForDeploymentPostprocessing = 0;
		};
		EBED046C28C0E20E00294E11 /* Frameworks */ = {
			isa = PBXFrameworksBuildPhase;
			buildActionMask = 2147483647;
			files = (
			);
			runOnlyForDeploymentPostprocessing = 0;
		};
		EBED047828C0E20E00294E11 /* Frameworks */ = {
			isa = PBXFrameworksBuildPhase;
			buildActionMask = 2147483647;
			files = (
			);
			runOnlyForDeploymentPostprocessing = 0;
		};
/* End PBXFrameworksBuildPhase section */

/* Begin PBXGroup section */
		EB0E9DA028CE5AEF0037993E /* Services */ = {
			isa = PBXGroup;
			children = (
				EB0E9DA128CE5B0E0037993E /* LoggerService.swift */,
			);
			path = Services;
			sourceTree = "<group>";
		};
		EB9BB77428C8896400B573CF /* ViewModels */ = {
			isa = PBXGroup;
			children = (
				EB9BB76E28C87C5200B573CF /* ItemViewModel.swift */,
				EB9BB77928CAF3E500B573CF /* NewItemPageViewModel.swift */,
			);
			path = ViewModels;
			sourceTree = "<group>";
		};
		EB9BB77528C88AF900B573CF /* Models */ = {
			isa = PBXGroup;
			children = (
				EB9BB77128C87CFD00B573CF /* Item.swift */,
			);
			path = Models;
			sourceTree = "<group>";
		};
		EB9BB78228CDB9A500B573CF /* Resources */ = {
			isa = PBXGroup;
			children = (
				EBED045D28C0E20E00294E11 /* Assets.xcassets */,
				EB9BB78C28CDBAB700B573CF /* Localizable.strings */,
			);
			path = Resources;
			sourceTree = "<group>";
		};
		EBED045528C0E20B00294E11 = {
			isa = PBXGroup;
			children = (
				EBED045A28C0E20C00294E11 /* Shared */,
				EBED046928C0E20E00294E11 /* macOS */,
				EBED046328C0E20E00294E11 /* Products */,
			);
			sourceTree = "<group>";
		};
		EBED045A28C0E20C00294E11 /* Shared */ = {
			isa = PBXGroup;
			children = (
				EB0E9DA028CE5AEF0037993E /* Services */,
				EB9BB78228CDB9A500B573CF /* Resources */,
				EB9BB77428C8896400B573CF /* ViewModels */,
				EBED04A028C1A64D00294E11 /* Views */,
				EB9BB77528C88AF900B573CF /* Models */,
			);
			path = Shared;
			sourceTree = "<group>";
		};
		EBED046328C0E20E00294E11 /* Products */ = {
			isa = PBXGroup;
			children = (
				EBED046228C0E20E00294E11 /* SwiftERNIStarterKit.app */,
				EBED046828C0E20E00294E11 /* SwiftERNIStarterKit.app */,
				EBED046F28C0E20E00294E11 /* Tests iOS.xctest */,
				EBED047B28C0E20E00294E11 /* Tests macOS.xctest */,
			);
			name = Products;
			sourceTree = "<group>";
		};
		EBED046928C0E20E00294E11 /* macOS */ = {
			isa = PBXGroup;
			children = (
				EBED046A28C0E20E00294E11 /* macOS.entitlements */,
			);
			path = macOS;
			sourceTree = "<group>";
		};
		EBED04A028C1A64D00294E11 /* Views */ = {
			isa = PBXGroup;
			children = (
				EBED045B28C0E20C00294E11 /* SwiftERNIStarterKitApp.swift */,
				EB9BB77628CAF24200B573CF /* NewItemPage.swift */,
				EBED049D28C1854D00294E11 /* ChangeLanguagePage.swift */,
				EBED049728C0E34100294E11 /* AboutPage.swift */,
				EBED049A28C0E40F00294E11 /* ItemsPage.swift */,
				EB9BB77C28CAFC6600B573CF /* ModalType.swift */,
			);
			path = Views;
			sourceTree = "<group>";
		};
/* End PBXGroup section */

/* Begin PBXNativeTarget section */
		EBED046128C0E20E00294E11 /* SwiftERNIStarterKit (iOS) */ = {
			isa = PBXNativeTarget;
			buildConfigurationList = EBED048B28C0E20E00294E11 /* Build configuration list for PBXNativeTarget "SwiftERNIStarterKit (iOS)" */;
			buildPhases = (
				EBED045E28C0E20E00294E11 /* Sources */,
				EBED045F28C0E20E00294E11 /* Frameworks */,
				EBED046028C0E20E00294E11 /* Resources */,
			);
			buildRules = (
			);
			dependencies = (
			);
			name = "SwiftERNIStarterKit (iOS)";
			productName = "SwiftERNIStarterKit (iOS)";
			productReference = EBED046228C0E20E00294E11 /* SwiftERNIStarterKit.app */;
			productType = "com.apple.product-type.application";
		};
		EBED046728C0E20E00294E11 /* SwiftERNIStarterKit (macOS) */ = {
			isa = PBXNativeTarget;
			buildConfigurationList = EBED048E28C0E20E00294E11 /* Build configuration list for PBXNativeTarget "SwiftERNIStarterKit (macOS)" */;
			buildPhases = (
				EBED046428C0E20E00294E11 /* Sources */,
				EBED046528C0E20E00294E11 /* Frameworks */,
				EBED046628C0E20E00294E11 /* Resources */,
			);
			buildRules = (
			);
			dependencies = (
			);
			name = "SwiftERNIStarterKit (macOS)";
			productName = "SwiftERNIStarterKit (macOS)";
			productReference = EBED046828C0E20E00294E11 /* SwiftERNIStarterKit.app */;
			productType = "com.apple.product-type.application";
		};
		EBED046E28C0E20E00294E11 /* Tests iOS */ = {
			isa = PBXNativeTarget;
			buildConfigurationList = EBED049128C0E20E00294E11 /* Build configuration list for PBXNativeTarget "Tests iOS" */;
			buildPhases = (
				EBED046B28C0E20E00294E11 /* Sources */,
				EBED046C28C0E20E00294E11 /* Frameworks */,
				EBED046D28C0E20E00294E11 /* Resources */,
			);
			buildRules = (
			);
			dependencies = (
				EBED047128C0E20E00294E11 /* PBXTargetDependency */,
			);
			name = "Tests iOS";
			productName = "Tests iOS";
			productReference = EBED046F28C0E20E00294E11 /* Tests iOS.xctest */;
			productType = "com.apple.product-type.bundle.ui-testing";
		};
		EBED047A28C0E20E00294E11 /* Tests macOS */ = {
			isa = PBXNativeTarget;
			buildConfigurationList = EBED049428C0E20E00294E11 /* Build configuration list for PBXNativeTarget "Tests macOS" */;
			buildPhases = (
				EBED047728C0E20E00294E11 /* Sources */,
				EBED047828C0E20E00294E11 /* Frameworks */,
				EBED047928C0E20E00294E11 /* Resources */,
			);
			buildRules = (
			);
			dependencies = (
				EBED047D28C0E20E00294E11 /* PBXTargetDependency */,
			);
			name = "Tests macOS";
			productName = "Tests macOS";
			productReference = EBED047B28C0E20E00294E11 /* Tests macOS.xctest */;
			productType = "com.apple.product-type.bundle.ui-testing";
		};
/* End PBXNativeTarget section */

/* Begin PBXProject section */
		EBED045628C0E20B00294E11 /* Project object */ = {
			isa = PBXProject;
			attributes = {
				BuildIndependentTargetsInParallel = 1;
				LastSwiftUpdateCheck = 1340;
				LastUpgradeCheck = 1340;
				TargetAttributes = {
					EBED046128C0E20E00294E11 = {
						CreatedOnToolsVersion = 13.4.1;
					};
					EBED046728C0E20E00294E11 = {
						CreatedOnToolsVersion = 13.4.1;
					};
					EBED046E28C0E20E00294E11 = {
						CreatedOnToolsVersion = 13.4.1;
						TestTargetID = EBED046128C0E20E00294E11;
					};
					EBED047A28C0E20E00294E11 = {
						CreatedOnToolsVersion = 13.4.1;
						TestTargetID = EBED046728C0E20E00294E11;
					};
				};
			};
			buildConfigurationList = EBED045928C0E20B00294E11 /* Build configuration list for PBXProject "SwiftERNIStarterKit" */;
			compatibilityVersion = "Xcode 13.0";
			developmentRegion = en;
			hasScannedForEncodings = 0;
			knownRegions = (
				en,
				Base,
				fil,
				de,
				ro,
				sk,
				es,
			);
			mainGroup = EBED045528C0E20B00294E11;
			productRefGroup = EBED046328C0E20E00294E11 /* Products */;
			projectDirPath = "";
			projectRoot = "";
			targets = (
				EBED046128C0E20E00294E11 /* SwiftERNIStarterKit (iOS) */,
				EBED046728C0E20E00294E11 /* SwiftERNIStarterKit (macOS) */,
				EBED046E28C0E20E00294E11 /* Tests iOS */,
				EBED047A28C0E20E00294E11 /* Tests macOS */,
			);
		};
/* End PBXProject section */

/* Begin PBXResourcesBuildPhase section */
		EBED046028C0E20E00294E11 /* Resources */ = {
			isa = PBXResourcesBuildPhase;
			buildActionMask = 2147483647;
			files = (
				EBED048728C0E20E00294E11 /* Assets.xcassets in Resources */,
				EB9BB78928CDBAB700B573CF /* Localizable.strings in Resources */,
			);
			runOnlyForDeploymentPostprocessing = 0;
		};
		EBED046628C0E20E00294E11 /* Resources */ = {
			isa = PBXResourcesBuildPhase;
			buildActionMask = 2147483647;
			files = (
				EBED048828C0E20E00294E11 /* Assets.xcassets in Resources */,
				EB9BB78A28CDBAB700B573CF /* Localizable.strings in Resources */,
			);
			runOnlyForDeploymentPostprocessing = 0;
		};
		EBED046D28C0E20E00294E11 /* Resources */ = {
			isa = PBXResourcesBuildPhase;
			buildActionMask = 2147483647;
			files = (
			);
			runOnlyForDeploymentPostprocessing = 0;
		};
		EBED047928C0E20E00294E11 /* Resources */ = {
			isa = PBXResourcesBuildPhase;
			buildActionMask = 2147483647;
			files = (
			);
			runOnlyForDeploymentPostprocessing = 0;
		};
/* End PBXResourcesBuildPhase section */

/* Begin PBXSourcesBuildPhase section */
		EBED045E28C0E20E00294E11 /* Sources */ = {
			isa = PBXSourcesBuildPhase;
			buildActionMask = 2147483647;
			files = (
				EB9BB77D28CAFC6600B573CF /* ModalType.swift in Sources */,
				EB9BB77728CAF24200B573CF /* NewItemPage.swift in Sources */,
				EBED049B28C0E40F00294E11 /* ItemsPage.swift in Sources */,
				EBED049828C0E34100294E11 /* AboutPage.swift in Sources */,
				EBED048328C0E20E00294E11 /* SwiftERNIStarterKitApp.swift in Sources */,
				EB0E9DA228CE5B0E0037993E /* LoggerService.swift in Sources */,
				EB9BB76F28C87C5200B573CF /* ItemViewModel.swift in Sources */,
				EB9BB77228C87CFD00B573CF /* Item.swift in Sources */,
				EBED049E28C1854D00294E11 /* ChangeLanguagePage.swift in Sources */,
				EB9BB77A28CAF3E500B573CF /* NewItemPageViewModel.swift in Sources */,
			);
			runOnlyForDeploymentPostprocessing = 0;
		};
		EBED046428C0E20E00294E11 /* Sources */ = {
			isa = PBXSourcesBuildPhase;
			buildActionMask = 2147483647;
			files = (
				EB9BB77E28CAFC6600B573CF /* ModalType.swift in Sources */,
				EB9BB77828CAF24200B573CF /* NewItemPage.swift in Sources */,
				EBED049C28C0E40F00294E11 /* ItemsPage.swift in Sources */,
				EBED049928C0E34100294E11 /* AboutPage.swift in Sources */,
				EBED048428C0E20E00294E11 /* SwiftERNIStarterKitApp.swift in Sources */,
				EB9BB77028C87C5200B573CF /* ItemViewModel.swift in Sources */,
				EB9BB77328C87CFD00B573CF /* Item.swift in Sources */,
				EBED049F28C1854D00294E11 /* ChangeLanguagePage.swift in Sources */,
				EB9BB77B28CAF3E500B573CF /* NewItemPageViewModel.swift in Sources */,
			);
			runOnlyForDeploymentPostprocessing = 0;
		};
		EBED046B28C0E20E00294E11 /* Sources */ = {
			isa = PBXSourcesBuildPhase;
			buildActionMask = 2147483647;
			files = (
			);
			runOnlyForDeploymentPostprocessing = 0;
		};
		EBED047728C0E20E00294E11 /* Sources */ = {
			isa = PBXSourcesBuildPhase;
			buildActionMask = 2147483647;
			files = (
			);
			runOnlyForDeploymentPostprocessing = 0;
		};
/* End PBXSourcesBuildPhase section */

/* Begin PBXTargetDependency section */
		EBED047128C0E20E00294E11 /* PBXTargetDependency */ = {
			isa = PBXTargetDependency;
			target = EBED046128C0E20E00294E11 /* SwiftERNIStarterKit (iOS) */;
			targetProxy = EBED047028C0E20E00294E11 /* PBXContainerItemProxy */;
		};
		EBED047D28C0E20E00294E11 /* PBXTargetDependency */ = {
			isa = PBXTargetDependency;
			target = EBED046728C0E20E00294E11 /* SwiftERNIStarterKit (macOS) */;
			targetProxy = EBED047C28C0E20E00294E11 /* PBXContainerItemProxy */;
		};
/* End PBXTargetDependency section */

/* Begin PBXVariantGroup section */
		EB9BB78C28CDBAB700B573CF /* Localizable.strings */ = {
			isa = PBXVariantGroup;
			children = (
				EB9BB78B28CDBAB700B573CF /* en */,
				EB9BB78D28CDBB2200B573CF /* fil */,
				EB9BB78E28CDBB4900B573CF /* de */,
				EB9BB78F28CDBB5000B573CF /* ro */,
				EB0E9D9828CE24530037993E /* sk */,
				EB0E9D9928CE245B0037993E /* es */,
			);
			name = Localizable.strings;
			sourceTree = "<group>";
		};
/* End PBXVariantGroup section */

/* Begin XCBuildConfiguration section */
		EBED048928C0E20E00294E11 /* Debug */ = {
			isa = XCBuildConfiguration;
			buildSettings = {
				ALWAYS_SEARCH_USER_PATHS = NO;
				CLANG_ANALYZER_LOCALIZABILITY_NONLOCALIZED = YES;
				CLANG_ANALYZER_NONNULL = YES;
				CLANG_ANALYZER_NUMBER_OBJECT_CONVERSION = YES_AGGRESSIVE;
				CLANG_CXX_LANGUAGE_STANDARD = "gnu++17";
				CLANG_ENABLE_MODULES = YES;
				CLANG_ENABLE_OBJC_ARC = YES;
				CLANG_ENABLE_OBJC_WEAK = YES;
				CLANG_WARN_BLOCK_CAPTURE_AUTORELEASING = YES;
				CLANG_WARN_BOOL_CONVERSION = YES;
				CLANG_WARN_COMMA = YES;
				CLANG_WARN_CONSTANT_CONVERSION = YES;
				CLANG_WARN_DEPRECATED_OBJC_IMPLEMENTATIONS = YES;
				CLANG_WARN_DIRECT_OBJC_ISA_USAGE = YES_ERROR;
				CLANG_WARN_DOCUMENTATION_COMMENTS = YES;
				CLANG_WARN_EMPTY_BODY = YES;
				CLANG_WARN_ENUM_CONVERSION = YES;
				CLANG_WARN_INFINITE_RECURSION = YES;
				CLANG_WARN_INT_CONVERSION = YES;
				CLANG_WARN_NON_LITERAL_NULL_CONVERSION = YES;
				CLANG_WARN_OBJC_IMPLICIT_RETAIN_SELF = YES;
				CLANG_WARN_OBJC_LITERAL_CONVERSION = YES;
				CLANG_WARN_OBJC_ROOT_CLASS = YES_ERROR;
				CLANG_WARN_QUOTED_INCLUDE_IN_FRAMEWORK_HEADER = YES;
				CLANG_WARN_RANGE_LOOP_ANALYSIS = YES;
				CLANG_WARN_STRICT_PROTOTYPES = YES;
				CLANG_WARN_SUSPICIOUS_MOVE = YES;
				CLANG_WARN_UNGUARDED_AVAILABILITY = YES_AGGRESSIVE;
				CLANG_WARN_UNREACHABLE_CODE = YES;
				CLANG_WARN__DUPLICATE_METHOD_MATCH = YES;
				COPY_PHASE_STRIP = NO;
				DEBUG_INFORMATION_FORMAT = dwarf;
				ENABLE_STRICT_OBJC_MSGSEND = YES;
				ENABLE_TESTABILITY = YES;
				GCC_C_LANGUAGE_STANDARD = gnu11;
				GCC_DYNAMIC_NO_PIC = NO;
				GCC_NO_COMMON_BLOCKS = YES;
				GCC_OPTIMIZATION_LEVEL = 0;
				GCC_PREPROCESSOR_DEFINITIONS = (
					"DEBUG=1",
					"$(inherited)",
				);
				GCC_WARN_64_TO_32_BIT_CONVERSION = YES;
				GCC_WARN_ABOUT_RETURN_TYPE = YES_ERROR;
				GCC_WARN_UNDECLARED_SELECTOR = YES;
				GCC_WARN_UNINITIALIZED_AUTOS = YES_AGGRESSIVE;
				GCC_WARN_UNUSED_FUNCTION = YES;
				GCC_WARN_UNUSED_VARIABLE = YES;
				MTL_ENABLE_DEBUG_INFO = INCLUDE_SOURCE;
				MTL_FAST_MATH = YES;
				ONLY_ACTIVE_ARCH = YES;
				SWIFT_ACTIVE_COMPILATION_CONDITIONS = DEBUG;
				SWIFT_OPTIMIZATION_LEVEL = "-Onone";
			};
			name = Debug;
		};
		EBED048A28C0E20E00294E11 /* Release */ = {
			isa = XCBuildConfiguration;
			buildSettings = {
				ALWAYS_SEARCH_USER_PATHS = NO;
				CLANG_ANALYZER_LOCALIZABILITY_NONLOCALIZED = YES;
				CLANG_ANALYZER_NONNULL = YES;
				CLANG_ANALYZER_NUMBER_OBJECT_CONVERSION = YES_AGGRESSIVE;
				CLANG_CXX_LANGUAGE_STANDARD = "gnu++17";
				CLANG_ENABLE_MODULES = YES;
				CLANG_ENABLE_OBJC_ARC = YES;
				CLANG_ENABLE_OBJC_WEAK = YES;
				CLANG_WARN_BLOCK_CAPTURE_AUTORELEASING = YES;
				CLANG_WARN_BOOL_CONVERSION = YES;
				CLANG_WARN_COMMA = YES;
				CLANG_WARN_CONSTANT_CONVERSION = YES;
				CLANG_WARN_DEPRECATED_OBJC_IMPLEMENTATIONS = YES;
				CLANG_WARN_DIRECT_OBJC_ISA_USAGE = YES_ERROR;
				CLANG_WARN_DOCUMENTATION_COMMENTS = YES;
				CLANG_WARN_EMPTY_BODY = YES;
				CLANG_WARN_ENUM_CONVERSION = YES;
				CLANG_WARN_INFINITE_RECURSION = YES;
				CLANG_WARN_INT_CONVERSION = YES;
				CLANG_WARN_NON_LITERAL_NULL_CONVERSION = YES;
				CLANG_WARN_OBJC_IMPLICIT_RETAIN_SELF = YES;
				CLANG_WARN_OBJC_LITERAL_CONVERSION = YES;
				CLANG_WARN_OBJC_ROOT_CLASS = YES_ERROR;
				CLANG_WARN_QUOTED_INCLUDE_IN_FRAMEWORK_HEADER = YES;
				CLANG_WARN_RANGE_LOOP_ANALYSIS = YES;
				CLANG_WARN_STRICT_PROTOTYPES = YES;
				CLANG_WARN_SUSPICIOUS_MOVE = YES;
				CLANG_WARN_UNGUARDED_AVAILABILITY = YES_AGGRESSIVE;
				CLANG_WARN_UNREACHABLE_CODE = YES;
				CLANG_WARN__DUPLICATE_METHOD_MATCH = YES;
				COPY_PHASE_STRIP = NO;
				DEBUG_INFORMATION_FORMAT = "dwarf-with-dsym";
				ENABLE_NS_ASSERTIONS = NO;
				ENABLE_STRICT_OBJC_MSGSEND = YES;
				GCC_C_LANGUAGE_STANDARD = gnu11;
				GCC_NO_COMMON_BLOCKS = YES;
				GCC_WARN_64_TO_32_BIT_CONVERSION = YES;
				GCC_WARN_ABOUT_RETURN_TYPE = YES_ERROR;
				GCC_WARN_UNDECLARED_SELECTOR = YES;
				GCC_WARN_UNINITIALIZED_AUTOS = YES_AGGRESSIVE;
				GCC_WARN_UNUSED_FUNCTION = YES;
				GCC_WARN_UNUSED_VARIABLE = YES;
				MTL_ENABLE_DEBUG_INFO = NO;
				MTL_FAST_MATH = YES;
				SWIFT_COMPILATION_MODE = wholemodule;
				SWIFT_OPTIMIZATION_LEVEL = "-O";
			};
			name = Release;
		};
		EBED048C28C0E20E00294E11 /* Debug */ = {
			isa = XCBuildConfiguration;
			buildSettings = {
				ASSETCATALOG_COMPILER_APPICON_NAME = AppIcon;
				ASSETCATALOG_COMPILER_GLOBAL_ACCENT_COLOR_NAME = AccentColor;
				CODE_SIGN_STYLE = Automatic;
				CURRENT_PROJECT_VERSION = 1;
				DEVELOPMENT_TEAM = 2A26KBG984;
				ENABLE_PREVIEWS = YES;
				GENERATE_INFOPLIST_FILE = YES;
				INFOPLIST_KEY_CFBundleDisplayName = "Swift ERNI Starter Kit";
				INFOPLIST_KEY_UIApplicationSceneManifest_Generation = YES;
				INFOPLIST_KEY_UIApplicationSupportsIndirectInputEvents = YES;
				INFOPLIST_KEY_UILaunchScreen_Generation = YES;
				INFOPLIST_KEY_UISupportedInterfaceOrientations_iPad = "UIInterfaceOrientationPortrait UIInterfaceOrientationPortraitUpsideDown UIInterfaceOrientationLandscapeLeft UIInterfaceOrientationLandscapeRight";
				INFOPLIST_KEY_UISupportedInterfaceOrientations_iPhone = "UIInterfaceOrientationPortrait UIInterfaceOrientationLandscapeLeft UIInterfaceOrientationLandscapeRight";
				IPHONEOS_DEPLOYMENT_TARGET = 15.5;
				LD_RUNPATH_SEARCH_PATHS = (
					"$(inherited)",
					"@executable_path/Frameworks",
				);
				MARKETING_VERSION = 1.0;
				PRODUCT_BUNDLE_IDENTIFIER = ERNI.SwiftERNIStarterKit;
				PRODUCT_NAME = SwiftERNIStarterKit;
				SDKROOT = iphoneos;
				SWIFT_EMIT_LOC_STRINGS = YES;
				SWIFT_VERSION = 5.0;
				TARGETED_DEVICE_FAMILY = "1,2";
			};
			name = Debug;
		};
		EBED048D28C0E20E00294E11 /* Release */ = {
			isa = XCBuildConfiguration;
			buildSettings = {
				ASSETCATALOG_COMPILER_APPICON_NAME = AppIcon;
				ASSETCATALOG_COMPILER_GLOBAL_ACCENT_COLOR_NAME = AccentColor;
				CODE_SIGN_STYLE = Automatic;
				CURRENT_PROJECT_VERSION = 1;
				DEVELOPMENT_TEAM = 2A26KBG984;
				ENABLE_PREVIEWS = YES;
				GENERATE_INFOPLIST_FILE = YES;
				INFOPLIST_KEY_CFBundleDisplayName = "Swift ERNI Starter Kit";
				INFOPLIST_KEY_UIApplicationSceneManifest_Generation = YES;
				INFOPLIST_KEY_UIApplicationSupportsIndirectInputEvents = YES;
				INFOPLIST_KEY_UILaunchScreen_Generation = YES;
				INFOPLIST_KEY_UISupportedInterfaceOrientations_iPad = "UIInterfaceOrientationPortrait UIInterfaceOrientationPortraitUpsideDown UIInterfaceOrientationLandscapeLeft UIInterfaceOrientationLandscapeRight";
				INFOPLIST_KEY_UISupportedInterfaceOrientations_iPhone = "UIInterfaceOrientationPortrait UIInterfaceOrientationLandscapeLeft UIInterfaceOrientationLandscapeRight";
				IPHONEOS_DEPLOYMENT_TARGET = 15.5;
				LD_RUNPATH_SEARCH_PATHS = (
					"$(inherited)",
					"@executable_path/Frameworks",
				);
				MARKETING_VERSION = 1.0;
				PRODUCT_BUNDLE_IDENTIFIER = ERNI.SwiftERNIStarterKit;
				PRODUCT_NAME = SwiftERNIStarterKit;
				SDKROOT = iphoneos;
				SWIFT_EMIT_LOC_STRINGS = YES;
				SWIFT_VERSION = 5.0;
				TARGETED_DEVICE_FAMILY = "1,2";
				VALIDATE_PRODUCT = YES;
			};
			name = Release;
		};
		EBED048F28C0E20E00294E11 /* Debug */ = {
			isa = XCBuildConfiguration;
			buildSettings = {
				ASSETCATALOG_COMPILER_APPICON_NAME = AppIcon;
				ASSETCATALOG_COMPILER_GLOBAL_ACCENT_COLOR_NAME = AccentColor;
				CODE_SIGN_ENTITLEMENTS = macOS/macOS.entitlements;
				CODE_SIGN_STYLE = Automatic;
				COMBINE_HIDPI_IMAGES = YES;
				CURRENT_PROJECT_VERSION = 1;
				DEVELOPMENT_TEAM = 2A26KBG984;
				ENABLE_HARDENED_RUNTIME = YES;
				ENABLE_PREVIEWS = YES;
				GENERATE_INFOPLIST_FILE = YES;
				INFOPLIST_KEY_CFBundleDisplayName = "Swift ERNI Starter Kit";
				INFOPLIST_KEY_NSHumanReadableCopyright = "";
				LD_RUNPATH_SEARCH_PATHS = (
					"$(inherited)",
					"@executable_path/../Frameworks",
				);
				MACOSX_DEPLOYMENT_TARGET = 12.3;
				MARKETING_VERSION = 1.0;
				PRODUCT_BUNDLE_IDENTIFIER = ERNI.SwiftERNIStarterKit;
				PRODUCT_NAME = SwiftERNIStarterKit;
				SDKROOT = macosx;
				SWIFT_EMIT_LOC_STRINGS = YES;
				SWIFT_VERSION = 5.0;
			};
			name = Debug;
		};
		EBED049028C0E20E00294E11 /* Release */ = {
			isa = XCBuildConfiguration;
			buildSettings = {
				ASSETCATALOG_COMPILER_APPICON_NAME = AppIcon;
				ASSETCATALOG_COMPILER_GLOBAL_ACCENT_COLOR_NAME = AccentColor;
				CODE_SIGN_ENTITLEMENTS = macOS/macOS.entitlements;
				CODE_SIGN_STYLE = Automatic;
				COMBINE_HIDPI_IMAGES = YES;
				CURRENT_PROJECT_VERSION = 1;
				DEVELOPMENT_TEAM = 2A26KBG984;
				ENABLE_HARDENED_RUNTIME = YES;
				ENABLE_PREVIEWS = YES;
				GENERATE_INFOPLIST_FILE = YES;
				INFOPLIST_KEY_CFBundleDisplayName = "Swift ERNI Starter Kit";
				INFOPLIST_KEY_NSHumanReadableCopyright = "";
				LD_RUNPATH_SEARCH_PATHS = (
					"$(inherited)",
					"@executable_path/../Frameworks",
				);
				MACOSX_DEPLOYMENT_TARGET = 12.3;
				MARKETING_VERSION = 1.0;
				PRODUCT_BUNDLE_IDENTIFIER = ERNI.SwiftERNIStarterKit;
				PRODUCT_NAME = SwiftERNIStarterKit;
				SDKROOT = macosx;
				SWIFT_EMIT_LOC_STRINGS = YES;
				SWIFT_VERSION = 5.0;
			};
			name = Release;
		};
		EBED049228C0E20E00294E11 /* Debug */ = {
			isa = XCBuildConfiguration;
			buildSettings = {
				ALWAYS_EMBED_SWIFT_STANDARD_LIBRARIES = YES;
				CODE_SIGN_STYLE = Automatic;
				CURRENT_PROJECT_VERSION = 1;
				DEVELOPMENT_TEAM = 2A26KBG984;
				GENERATE_INFOPLIST_FILE = YES;
				IPHONEOS_DEPLOYMENT_TARGET = 15.5;
				MARKETING_VERSION = 1.0;
				PRODUCT_BUNDLE_IDENTIFIER = "ERNI.Tests-iOS";
				PRODUCT_NAME = "$(TARGET_NAME)";
				SDKROOT = iphoneos;
				SWIFT_EMIT_LOC_STRINGS = NO;
				SWIFT_VERSION = 5.0;
				TARGETED_DEVICE_FAMILY = "1,2";
				TEST_TARGET_NAME = "SwiftERNIStarterKit (iOS)";
			};
			name = Debug;
		};
		EBED049328C0E20E00294E11 /* Release */ = {
			isa = XCBuildConfiguration;
			buildSettings = {
				ALWAYS_EMBED_SWIFT_STANDARD_LIBRARIES = YES;
				CODE_SIGN_STYLE = Automatic;
				CURRENT_PROJECT_VERSION = 1;
				DEVELOPMENT_TEAM = 2A26KBG984;
				GENERATE_INFOPLIST_FILE = YES;
				IPHONEOS_DEPLOYMENT_TARGET = 15.5;
				MARKETING_VERSION = 1.0;
				PRODUCT_BUNDLE_IDENTIFIER = "ERNI.Tests-iOS";
				PRODUCT_NAME = "$(TARGET_NAME)";
				SDKROOT = iphoneos;
				SWIFT_EMIT_LOC_STRINGS = NO;
				SWIFT_VERSION = 5.0;
				TARGETED_DEVICE_FAMILY = "1,2";
				TEST_TARGET_NAME = "SwiftERNIStarterKit (iOS)";
				VALIDATE_PRODUCT = YES;
			};
			name = Release;
		};
		EBED049528C0E20E00294E11 /* Debug */ = {
			isa = XCBuildConfiguration;
			buildSettings = {
				ALWAYS_EMBED_SWIFT_STANDARD_LIBRARIES = YES;
				CODE_SIGN_STYLE = Automatic;
				CURRENT_PROJECT_VERSION = 1;
				DEVELOPMENT_TEAM = 2A26KBG984;
				GENERATE_INFOPLIST_FILE = YES;
				MACOSX_DEPLOYMENT_TARGET = 12.3;
				MARKETING_VERSION = 1.0;
				PRODUCT_BUNDLE_IDENTIFIER = "ERNI.Tests-macOS";
				PRODUCT_NAME = "$(TARGET_NAME)";
				SDKROOT = macosx;
				SWIFT_EMIT_LOC_STRINGS = NO;
				SWIFT_VERSION = 5.0;
				TEST_TARGET_NAME = "SwiftERNIStarterKit (macOS)";
			};
			name = Debug;
		};
		EBED049628C0E20E00294E11 /* Release */ = {
			isa = XCBuildConfiguration;
			buildSettings = {
				ALWAYS_EMBED_SWIFT_STANDARD_LIBRARIES = YES;
				CODE_SIGN_STYLE = Automatic;
				CURRENT_PROJECT_VERSION = 1;
				DEVELOPMENT_TEAM = 2A26KBG984;
				GENERATE_INFOPLIST_FILE = YES;
				MACOSX_DEPLOYMENT_TARGET = 12.3;
				MARKETING_VERSION = 1.0;
				PRODUCT_BUNDLE_IDENTIFIER = "ERNI.Tests-macOS";
				PRODUCT_NAME = "$(TARGET_NAME)";
				SDKROOT = macosx;
				SWIFT_EMIT_LOC_STRINGS = NO;
				SWIFT_VERSION = 5.0;
				TEST_TARGET_NAME = "SwiftERNIStarterKit (macOS)";
			};
			name = Release;
		};
/* End XCBuildConfiguration section */

/* Begin XCConfigurationList section */
		EBED045928C0E20B00294E11 /* Build configuration list for PBXProject "SwiftERNIStarterKit" */ = {
			isa = XCConfigurationList;
			buildConfigurations = (
				EBED048928C0E20E00294E11 /* Debug */,
				EBED048A28C0E20E00294E11 /* Release */,
			);
			defaultConfigurationIsVisible = 0;
			defaultConfigurationName = Release;
		};
		EBED048B28C0E20E00294E11 /* Build configuration list for PBXNativeTarget "SwiftERNIStarterKit (iOS)" */ = {
			isa = XCConfigurationList;
			buildConfigurations = (
				EBED048C28C0E20E00294E11 /* Debug */,
				EBED048D28C0E20E00294E11 /* Release */,
			);
			defaultConfigurationIsVisible = 0;
			defaultConfigurationName = Release;
		};
		EBED048E28C0E20E00294E11 /* Build configuration list for PBXNativeTarget "SwiftERNIStarterKit (macOS)" */ = {
			isa = XCConfigurationList;
			buildConfigurations = (
				EBED048F28C0E20E00294E11 /* Debug */,
				EBED049028C0E20E00294E11 /* Release */,
			);
			defaultConfigurationIsVisible = 0;
			defaultConfigurationName = Release;
		};
		EBED049128C0E20E00294E11 /* Build configuration list for PBXNativeTarget "Tests iOS" */ = {
			isa = XCConfigurationList;
			buildConfigurations = (
				EBED049228C0E20E00294E11 /* Debug */,
				EBED049328C0E20E00294E11 /* Release */,
			);
			defaultConfigurationIsVisible = 0;
			defaultConfigurationName = Release;
		};
		EBED049428C0E20E00294E11 /* Build configuration list for PBXNativeTarget "Tests macOS" */ = {
			isa = XCConfigurationList;
			buildConfigurations = (
				EBED049528C0E20E00294E11 /* Debug */,
				EBED049628C0E20E00294E11 /* Release */,
			);
			defaultConfigurationIsVisible = 0;
			defaultConfigurationName = Release;
		};
/* End XCConfigurationList section */
	};
	rootObject = EBED045628C0E20B00294E11 /* Project object */;
}
